
Microsoft Visual Studio Solution File, Format Version 12.00
# Visual Studio Version 17
VisualStudioVersion = 17.9.34310.174
MinimumVisualStudioVersion = 10.0.40219.1
Project("{2150E333-8FDC-42A3-9474-1A3956D46DE8}") = "Services", "Services", "{AC45A857-D0E5-46F5-A68B-5F79CAF7B28E}"
EndProject
Project("{2150E333-8FDC-42A3-9474-1A3956D46DE8}") = "Bff", "Bff", "{9C90AC04-5A41-4F10-AABE-F07CFECF0B71}"
EndProject
Project("{2150E333-8FDC-42A3-9474-1A3956D46DE8}") = "Web", "Web", "{48C33626-AB9C-4FF8-9587-DE635D70C7FB}"
EndProject
Project("{9A19103F-16F7-4668-BE54-9A1E7A4F7556}") = "SmartSchool.Web", "SmartSchool.Web\SmartSchool.Web.csproj", "{839F0EF3-F55F-410F-8F6A-B186D913C180}"
EndProject
Project("{9A19103F-16F7-4668-BE54-9A1E7A4F7556}") = "SmartSchool.AppHost", "SmartSchool.AppHost\SmartSchool.AppHost.csproj", "{51745556-B03D-4608-97EB-BF2C469848F5}"
EndProject
Project("{9A19103F-16F7-4668-BE54-9A1E7A4F7556}") = "SmartSchool.ServiceDefaults", "SmartSchool.ServiceDefaults\SmartSchool.ServiceDefaults.csproj", "{7E9E5491-FCD8-4C8A-8FA1-8157CB87BC34}"
EndProject
Project("{9A19103F-16F7-4668-BE54-9A1E7A4F7556}") = "SmartSchool.Students", "SmartSchool.Students\SmartSchool.Students.csproj", "{1A30AF02-98ED-4DEF-8872-DEB969C6D86E}"
EndProject
Project("{9A19103F-16F7-4668-BE54-9A1E7A4F7556}") = "SmartSchool.Bff", "SmartSchool.Bff\SmartSchool.Bff.csproj", "{B3E7F918-4405-4E51-825D-363A24404EBA}"
EndProject
Global
	GlobalSection(SolutionConfigurationPlatforms) = preSolution
		Debug|Any CPU = Debug|Any CPU
		Release|Any CPU = Release|Any CPU
	EndGlobalSection
	GlobalSection(ProjectConfigurationPlatforms) = postSolution
		{839F0EF3-F55F-410F-8F6A-B186D913C180}.Debug|Any CPU.ActiveCfg = Debug|Any CPU
		{839F0EF3-F55F-410F-8F6A-B186D913C180}.Debug|Any CPU.Build.0 = Debug|Any CPU
		{839F0EF3-F55F-410F-8F6A-B186D913C180}.Release|Any CPU.ActiveCfg = Release|Any CPU
		{839F0EF3-F55F-410F-8F6A-B186D913C180}.Release|Any CPU.Build.0 = Release|Any CPU
		{51745556-B03D-4608-97EB-BF2C469848F5}.Debug|Any CPU.ActiveCfg = Debug|Any CPU
		{51745556-B03D-4608-97EB-BF2C469848F5}.Debug|Any CPU.Build.0 = Debug|Any CPU
		{51745556-B03D-4608-97EB-BF2C469848F5}.Release|Any CPU.ActiveCfg = Release|Any CPU
		{51745556-B03D-4608-97EB-BF2C469848F5}.Release|Any CPU.Build.0 = Release|Any CPU
		{7E9E5491-FCD8-4C8A-8FA1-8157CB87BC34}.Debug|Any CPU.ActiveCfg = Debug|Any CPU
		{7E9E5491-FCD8-4C8A-8FA1-8157CB87BC34}.Debug|Any CPU.Build.0 = Debug|Any CPU
		{7E9E5491-FCD8-4C8A-8FA1-8157CB87BC34}.Release|Any CPU.ActiveCfg = Release|Any CPU
		{7E9E5491-FCD8-4C8A-8FA1-8157CB87BC34}.Release|Any CPU.Build.0 = Release|Any CPU
		{1A30AF02-98ED-4DEF-8872-DEB969C6D86E}.Debug|Any CPU.ActiveCfg = Debug|Any CPU
		{1A30AF02-98ED-4DEF-8872-DEB969C6D86E}.Debug|Any CPU.Build.0 = Debug|Any CPU
		{1A30AF02-98ED-4DEF-8872-DEB969C6D86E}.Release|Any CPU.ActiveCfg = Release|Any CPU
		{1A30AF02-98ED-4DEF-8872-DEB969C6D86E}.Release|Any CPU.Build.0 = Release|Any CPU
		{B3E7F918-4405-4E51-825D-363A24404EBA}.Debug|Any CPU.ActiveCfg = Debug|Any CPU
		{B3E7F918-4405-4E51-825D-363A24404EBA}.Debug|Any CPU.Build.0 = Debug|Any CPU
		{B3E7F918-4405-4E51-825D-363A24404EBA}.Release|Any CPU.ActiveCfg = Release|Any CPU
		{B3E7F918-4405-4E51-825D-363A24404EBA}.Release|Any CPU.Build.0 = Release|Any CPU
	EndGlobalSection
	GlobalSection(SolutionProperties) = preSolution
		HideSolutionNode = FALSE
	EndGlobalSection
	GlobalSection(NestedProjects) = preSolution
		{839F0EF3-F55F-410F-8F6A-B186D913C180} = {48C33626-AB9C-4FF8-9587-DE635D70C7FB}
		{1A30AF02-98ED-4DEF-8872-DEB969C6D86E} = {AC45A857-D0E5-46F5-A68B-5F79CAF7B28E}
		{B3E7F918-4405-4E51-825D-363A24404EBA} = {9C90AC04-5A41-4F10-AABE-F07CFECF0B71}
	EndGlobalSection
	GlobalSection(ExtensibilityGlobals) = postSolution
		SolutionGuid = {E15E546E-429B-4710-AA31-7E2033AE4E61}
	EndGlobalSection
EndGlobal
